
Microsoft Visual Studio Solution File, Format Version 12.00
# Visual Studio 14
VisualStudioVersion = 14.0.25420.1
MinimumVisualStudioVersion = 10.0.40219.1
Project("{FAE04EC0-301F-11D3-BF4B-00C04F79EFBC}") = "CodeChallenge", "CodeChallenge\CodeChallenge.csproj", "{5B36647C-DE75-4DB4-8E36-C282A95F209E}"
EndProject
Project("{FAE04EC0-301F-11D3-BF4B-00C04F79EFBC}") = "Swapi", "Swapi\Swapi.csproj", "{EAC95192-FF15-420F-BDB9-9E7BD12CA968}"
EndProject
Project("{FAE04EC0-301F-11D3-BF4B-00C04F79EFBC}") = "CodeChallengeTest", "CodeChallengeTest\CodeChallengeTest.csproj", "{2F0F6A7D-1179-4A9A-A6AD-7D6C037F3CD3}"
EndProject
Global
	GlobalSection(SolutionConfigurationPlatforms) = preSolution
		Debug|Any CPU = Debug|Any CPU
		Release|Any CPU = Release|Any CPU
	EndGlobalSection
	GlobalSection(ProjectConfigurationPlatforms) = postSolution
		{5B36647C-DE75-4DB4-8E36-C282A95F209E}.Debug|Any CPU.ActiveCfg = Debug|Any CPU
		{5B36647C-DE75-4DB4-8E36-C282A95F209E}.Debug|Any CPU.Build.0 = Debug|Any CPU
		{5B36647C-DE75-4DB4-8E36-C282A95F209E}.Release|Any CPU.ActiveCfg = Release|Any CPU
		{5B36647C-DE75-4DB4-8E36-C282A95F209E}.Release|Any CPU.Build.0 = Release|Any CPU
		{EAC95192-FF15-420F-BDB9-9E7BD12CA968}.Debug|Any CPU.ActiveCfg = Debug|Any CPU
		{EAC95192-FF15-420F-BDB9-9E7BD12CA968}.Debug|Any CPU.Build.0 = Debug|Any CPU
		{EAC95192-FF15-420F-BDB9-9E7BD12CA968}.Release|Any CPU.ActiveCfg = Release|Any CPU
		{EAC95192-FF15-420F-BDB9-9E7BD12CA968}.Release|Any CPU.Build.0 = Release|Any CPU
		{2F0F6A7D-1179-4A9A-A6AD-7D6C037F3CD3}.Debug|Any CPU.ActiveCfg = Debug|Any CPU
		{2F0F6A7D-1179-4A9A-A6AD-7D6C037F3CD3}.Debug|Any CPU.Build.0 = Debug|Any CPU
		{2F0F6A7D-1179-4A9A-A6AD-7D6C037F3CD3}.Release|Any CPU.ActiveCfg = Release|Any CPU
		{2F0F6A7D-1179-4A9A-A6AD-7D6C037F3CD3}.Release|Any CPU.Build.0 = Release|Any CPU
	EndGlobalSection
	GlobalSection(SolutionProperties) = preSolution
		HideSolutionNode = FALSE
	EndGlobalSection
EndGlobal
